
Microsoft Visual Studio Solution File, Format Version 12.00
# Visual Studio Version 17
VisualStudioVersion = 17.4.33403.182
MinimumVisualStudioVersion = 10.0.40219.1
Project("{9A19103F-16F7-4668-BE54-9A1E7A4F7556}") = "ForOpdracht5", "..\AppData\Local\Temp\Temp1_ForOpdracht.zip\ForOpdracht5\ForOpdracht5\ForOpdracht5.csproj", "{AB6428EB-2573-46D5-8B48-96D3ACBE6168}"
EndProject
Global
	GlobalSection(SolutionConfigurationPlatforms) = preSolution
		Debug|Any CPU = Debug|Any CPU
		Release|Any CPU = Release|Any CPU
	EndGlobalSection
	GlobalSection(ProjectConfigurationPlatforms) = postSolution
		{AB6428EB-2573-46D5-8B48-96D3ACBE6168}.Debug|Any CPU.ActiveCfg = Debug|Any CPU
		{AB6428EB-2573-46D5-8B48-96D3ACBE6168}.Debug|Any CPU.Build.0 = Debug|Any CPU
		{AB6428EB-2573-46D5-8B48-96D3ACBE6168}.Release|Any CPU.ActiveCfg = Release|Any CPU
		{AB6428EB-2573-46D5-8B48-96D3ACBE6168}.Release|Any CPU.Build.0 = Release|Any CPU
	EndGlobalSection
	GlobalSection(SolutionProperties) = preSolution
		HideSolutionNode = FALSE
	EndGlobalSection
	GlobalSection(ExtensibilityGlobals) = postSolution
		SolutionGuid = {72547614-5696-4BD9-AA82-DC91553717B2}
	EndGlobalSection
EndGlobal
