
Microsoft Visual Studio Solution File, Format Version 12.00
# Visual Studio Version 17
VisualStudioVersion = 17.4.33403.182
MinimumVisualStudioVersion = 10.0.40219.1
Project("{9A19103F-16F7-4668-BE54-9A1E7A4F7556}") = "ForOpdracht1", "..\AppData\Local\Temp\Temp1_ForOpdracht.zip\ForOpdracht1\ForOpdracht1\ForOpdracht1.csproj", "{FB706457-FE84-4766-8D78-6EDB0E2ADDB8}"
EndProject
Global
	GlobalSection(SolutionConfigurationPlatforms) = preSolution
		Debug|Any CPU = Debug|Any CPU
		Release|Any CPU = Release|Any CPU
	EndGlobalSection
	GlobalSection(ProjectConfigurationPlatforms) = postSolution
		{FB706457-FE84-4766-8D78-6EDB0E2ADDB8}.Debug|Any CPU.ActiveCfg = Debug|Any CPU
		{FB706457-FE84-4766-8D78-6EDB0E2ADDB8}.Debug|Any CPU.Build.0 = Debug|Any CPU
		{FB706457-FE84-4766-8D78-6EDB0E2ADDB8}.Release|Any CPU.ActiveCfg = Release|Any CPU
		{FB706457-FE84-4766-8D78-6EDB0E2ADDB8}.Release|Any CPU.Build.0 = Release|Any CPU
	EndGlobalSection
	GlobalSection(SolutionProperties) = preSolution
		HideSolutionNode = FALSE
	EndGlobalSection
	GlobalSection(ExtensibilityGlobals) = postSolution
		SolutionGuid = {BE76AF3F-A6AD-42B1-8CF3-1FA264962321}
	EndGlobalSection
EndGlobal
